// !$*UTF8*$!
{
	archiveVersion = 1;
	classes = {
	};
	objectVersion = 56;
	objects = {

/* Begin PBXBuildFile section */
		162E525E2B0B591100B4C9C3 /* ffw_szyszyloApp.swift in Sources */ = {isa = PBXBuildFile; fileRef = 162E525D2B0B591100B4C9C3 /* ffw_szyszyloApp.swift */; };
		162E52602B0B591100B4C9C3 /* ContentView.swift in Sources */ = {isa = PBXBuildFile; fileRef = 162E525F2B0B591100B4C9C3 /* ContentView.swift */; };
		162E52622B0B591200B4C9C3 /* Assets.xcassets in Resources */ = {isa = PBXBuildFile; fileRef = 162E52612B0B591200B4C9C3 /* Assets.xcassets */; };
		162E52652B0B591200B4C9C3 /* Preview Assets.xcassets in Resources */ = {isa = PBXBuildFile; fileRef = 162E52642B0B591200B4C9C3 /* Preview Assets.xcassets */; };
		162E526F2B0B591200B4C9C3 /* ffw_szyszyloTests.swift in Sources */ = {isa = PBXBuildFile; fileRef = 162E526E2B0B591200B4C9C3 /* ffw_szyszyloTests.swift */; };
		162E52792B0B591200B4C9C3 /* ffw_szyszyloUITests.swift in Sources */ = {isa = PBXBuildFile; fileRef = 162E52782B0B591200B4C9C3 /* ffw_szyszyloUITests.swift */; };
		162E527B2B0B591200B4C9C3 /* ffw_szyszyloUITestsLaunchTests.swift in Sources */ = {isa = PBXBuildFile; fileRef = 162E527A2B0B591200B4C9C3 /* ffw_szyszyloUITestsLaunchTests.swift */; };
/* End PBXBuildFile section */

/* Begin PBXContainerItemProxy section */
		162E526B2B0B591200B4C9C3 /* PBXContainerItemProxy */ = {
			isa = PBXContainerItemProxy;
			containerPortal = 162E52522B0B591100B4C9C3 /* Project object */;
			proxyType = 1;
			remoteGlobalIDString = 162E52592B0B591100B4C9C3;
			remoteInfo = ffw_szyszylo;
		};
		162E52752B0B591200B4C9C3 /* PBXContainerItemProxy */ = {
			isa = PBXContainerItemProxy;
			containerPortal = 162E52522B0B591100B4C9C3 /* Project object */;
			proxyType = 1;
			remoteGlobalIDString = 162E52592B0B591100B4C9C3;
			remoteInfo = ffw_szyszylo;
		};
/* End PBXContainerItemProxy section */

/* Begin PBXFileReference section */
		162E525A2B0B591100B4C9C3 /* ffw_szyszylo.app */ = {isa = PBXFileReference; explicitFileType = wrapper.application; includeInIndex = 0; path = ffw_szyszylo.app; sourceTree = BUILT_PRODUCTS_DIR; };
		162E525D2B0B591100B4C9C3 /* ffw_szyszyloApp.swift */ = {isa = PBXFileReference; lastKnownFileType = sourcecode.swift; path = ffw_szyszyloApp.swift; sourceTree = "<group>"; };
		162E525F2B0B591100B4C9C3 /* ContentView.swift */ = {isa = PBXFileReference; lastKnownFileType = sourcecode.swift; path = ContentView.swift; sourceTree = "<group>"; };
		162E52612B0B591200B4C9C3 /* Assets.xcassets */ = {isa = PBXFileReference; lastKnownFileType = folder.assetcatalog; path = Assets.xcassets; sourceTree = "<group>"; };
		162E52642B0B591200B4C9C3 /* Preview Assets.xcassets */ = {isa = PBXFileReference; lastKnownFileType = folder.assetcatalog; path = "Preview Assets.xcassets"; sourceTree = "<group>"; };
		162E526A2B0B591200B4C9C3 /* ffw_szyszyloTests.xctest */ = {isa = PBXFileReference; explicitFileType = wrapper.cfbundle; includeInIndex = 0; path = ffw_szyszyloTests.xctest; sourceTree = BUILT_PRODUCTS_DIR; };
		162E526E2B0B591200B4C9C3 /* ffw_szyszyloTests.swift */ = {isa = PBXFileReference; lastKnownFileType = sourcecode.swift; path = ffw_szyszyloTests.swift; sourceTree = "<group>"; };
		162E52742B0B591200B4C9C3 /* ffw_szyszyloUITests.xctest */ = {isa = PBXFileReference; explicitFileType = wrapper.cfbundle; includeInIndex = 0; path = ffw_szyszyloUITests.xctest; sourceTree = BUILT_PRODUCTS_DIR; };
		162E52782B0B591200B4C9C3 /* ffw_szyszyloUITests.swift */ = {isa = PBXFileReference; lastKnownFileType = sourcecode.swift; path = ffw_szyszyloUITests.swift; sourceTree = "<group>"; };
		162E527A2B0B591200B4C9C3 /* ffw_szyszyloUITestsLaunchTests.swift */ = {isa = PBXFileReference; lastKnownFileType = sourcecode.swift; path = ffw_szyszyloUITestsLaunchTests.swift; sourceTree = "<group>"; };
/* End PBXFileReference section */

/* Begin PBXFrameworksBuildPhase section */
		162E52572B0B591100B4C9C3 /* Frameworks */ = {
			isa = PBXFrameworksBuildPhase;
			buildActionMask = 2147483647;
			files = (
			);
			runOnlyForDeploymentPostprocessing = 0;
		};
		162E52672B0B591200B4C9C3 /* Frameworks */ = {
			isa = PBXFrameworksBuildPhase;
			buildActionMask = 2147483647;
			files = (
			);
			runOnlyForDeploymentPostprocessing = 0;
		};
		162E52712B0B591200B4C9C3 /* Frameworks */ = {
			isa = PBXFrameworksBuildPhase;
			buildActionMask = 2147483647;
			files = (
			);
			runOnlyForDeploymentPostprocessing = 0;
		};
/* End PBXFrameworksBuildPhase section */

/* Begin PBXGroup section */
		162E52512B0B591100B4C9C3 = {
			isa = PBXGroup;
			children = (
				162E525C2B0B591100B4C9C3 /* ffw_szyszylo */,
				162E526D2B0B591200B4C9C3 /* ffw_szyszyloTests */,
				162E52772B0B591200B4C9C3 /* ffw_szyszyloUITests */,
				162E525B2B0B591100B4C9C3 /* Products */,
			);
			sourceTree = "<group>";
		};
		162E525B2B0B591100B4C9C3 /* Products */ = {
			isa = PBXGroup;
			children = (
				162E525A2B0B591100B4C9C3 /* ffw_szyszylo.app */,
				162E526A2B0B591200B4C9C3 /* ffw_szyszyloTests.xctest */,
				162E52742B0B591200B4C9C3 /* ffw_szyszyloUITests.xctest */,
			);
			name = Products;
			sourceTree = "<group>";
		};
		162E525C2B0B591100B4C9C3 /* ffw_szyszylo */ = {
			isa = PBXGroup;
			children = (
				162E525D2B0B591100B4C9C3 /* ffw_szyszyloApp.swift */,
				162E525F2B0B591100B4C9C3 /* ContentView.swift */,
				162E52612B0B591200B4C9C3 /* Assets.xcassets */,
				162E52632B0B591200B4C9C3 /* Preview Content */,
			);
			path = ffw_szyszylo;
			sourceTree = "<group>";
		};
		162E52632B0B591200B4C9C3 /* Preview Content */ = {
			isa = PBXGroup;
			children = (
				162E52642B0B591200B4C9C3 /* Preview Assets.xcassets */,
			);
			path = "Preview Content";
			sourceTree = "<group>";
		};
		162E526D2B0B591200B4C9C3 /* ffw_szyszyloTests */ = {
			isa = PBXGroup;
			children = (
				162E526E2B0B591200B4C9C3 /* ffw_szyszyloTests.swift */,
			);
			path = ffw_szyszyloTests;
			sourceTree = "<group>";
		};
		162E52772B0B591200B4C9C3 /* ffw_szyszyloUITests */ = {
			isa = PBXGroup;
			children = (
				162E52782B0B591200B4C9C3 /* ffw_szyszyloUITests.swift */,
				162E527A2B0B591200B4C9C3 /* ffw_szyszyloUITestsLaunchTests.swift */,
			);
			path = ffw_szyszyloUITests;
			sourceTree = "<group>";
		};
/* End PBXGroup section */

/* Begin PBXNativeTarget section */
		162E52592B0B591100B4C9C3 /* ffw_szyszylo */ = {
			isa = PBXNativeTarget;
			buildConfigurationList = 162E527E2B0B591200B4C9C3 /* Build configuration list for PBXNativeTarget "ffw_szyszylo" */;
			buildPhases = (
				162E52562B0B591100B4C9C3 /* Sources */,
				162E52572B0B591100B4C9C3 /* Frameworks */,
				162E52582B0B591100B4C9C3 /* Resources */,
			);
			buildRules = (
			);
			dependencies = (
			);
			name = ffw_szyszylo;
			productName = ffw_szyszylo;
			productReference = 162E525A2B0B591100B4C9C3 /* ffw_szyszylo.app */;
			productType = "com.apple.product-type.application";
		};
		162E52692B0B591200B4C9C3 /* ffw_szyszyloTests */ = {
			isa = PBXNativeTarget;
			buildConfigurationList = 162E52812B0B591200B4C9C3 /* Build configuration list for PBXNativeTarget "ffw_szyszyloTests" */;
			buildPhases = (
				162E52662B0B591200B4C9C3 /* Sources */,
				162E52672B0B591200B4C9C3 /* Frameworks */,
				162E52682B0B591200B4C9C3 /* Resources */,
			);
			buildRules = (
			);
			dependencies = (
				162E526C2B0B591200B4C9C3 /* PBXTargetDependency */,
			);
			name = ffw_szyszyloTests;
			productName = ffw_szyszyloTests;
			productReference = 162E526A2B0B591200B4C9C3 /* ffw_szyszyloTests.xctest */;
			productType = "com.apple.product-type.bundle.unit-test";
		};
		162E52732B0B591200B4C9C3 /* ffw_szyszyloUITests */ = {
			isa = PBXNativeTarget;
			buildConfigurationList = 162E52842B0B591200B4C9C3 /* Build configuration list for PBXNativeTarget "ffw_szyszyloUITests" */;
			buildPhases = (
				162E52702B0B591200B4C9C3 /* Sources */,
				162E52712B0B591200B4C9C3 /* Frameworks */,
				162E52722B0B591200B4C9C3 /* Resources */,
			);
			buildRules = (
			);
			dependencies = (
				162E52762B0B591200B4C9C3 /* PBXTargetDependency */,
			);
			name = ffw_szyszyloUITests;
			productName = ffw_szyszyloUITests;
			productReference = 162E52742B0B591200B4C9C3 /* ffw_szyszyloUITests.xctest */;
			productType = "com.apple.product-type.bundle.ui-testing";
		};
/* End PBXNativeTarget section */

/* Begin PBXProject section */
		162E52522B0B591100B4C9C3 /* Project object */ = {
			isa = PBXProject;
			attributes = {
				BuildIndependentTargetsInParallel = 1;
				LastSwiftUpdateCheck = 1500;
				LastUpgradeCheck = 1500;
				TargetAttributes = {
					162E52592B0B591100B4C9C3 = {
						CreatedOnToolsVersion = 15.0.1;
					};
					162E52692B0B591200B4C9C3 = {
						CreatedOnToolsVersion = 15.0.1;
						TestTargetID = 162E52592B0B591100B4C9C3;
					};
					162E52732B0B591200B4C9C3 = {
						CreatedOnToolsVersion = 15.0.1;
						TestTargetID = 162E52592B0B591100B4C9C3;
					};
				};
			};
			buildConfigurationList = 162E52552B0B591100B4C9C3 /* Build configuration list for PBXProject "ffw_szyszylo" */;
			compatibilityVersion = "Xcode 14.0";
			developmentRegion = en;
			hasScannedForEncodings = 0;
			knownRegions = (
				en,
				Base,
			);
			mainGroup = 162E52512B0B591100B4C9C3;
			productRefGroup = 162E525B2B0B591100B4C9C3 /* Products */;
			projectDirPath = "";
			projectRoot = "";
			targets = (
				162E52592B0B591100B4C9C3 /* ffw_szyszylo */,
				162E52692B0B591200B4C9C3 /* ffw_szyszyloTests */,
				162E52732B0B591200B4C9C3 /* ffw_szyszyloUITests */,
			);
		};
/* End PBXProject section */

/* Begin PBXResourcesBuildPhase section */
		162E52582B0B591100B4C9C3 /* Resources */ = {
			isa = PBXResourcesBuildPhase;
			buildActionMask = 2147483647;
			files = (
				162E52652B0B591200B4C9C3 /* Preview Assets.xcassets in Resources */,
				162E52622B0B591200B4C9C3 /* Assets.xcassets in Resources */,
			);
			runOnlyForDeploymentPostprocessing = 0;
		};
		162E52682B0B591200B4C9C3 /* Resources */ = {
			isa = PBXResourcesBuildPhase;
			buildActionMask = 2147483647;
			files = (
			);
			runOnlyForDeploymentPostprocessing = 0;
		};
		162E52722B0B591200B4C9C3 /* Resources */ = {
			isa = PBXResourcesBuildPhase;
			buildActionMask = 2147483647;
			files = (
			);
			runOnlyForDeploymentPostprocessing = 0;
		};
/* End PBXResourcesBuildPhase section */

/* Begin PBXSourcesBuildPhase section */
		162E52562B0B591100B4C9C3 /* Sources */ = {
			isa = PBXSourcesBuildPhase;
			buildActionMask = 2147483647;
			files = (
				162E52602B0B591100B4C9C3 /* ContentView.swift in Sources */,
				162E525E2B0B591100B4C9C3 /* ffw_szyszyloApp.swift in Sources */,
			);
			runOnlyForDeploymentPostprocessing = 0;
		};
		162E52662B0B591200B4C9C3 /* Sources */ = {
			isa = PBXSourcesBuildPhase;
			buildActionMask = 2147483647;
			files = (
				162E526F2B0B591200B4C9C3 /* ffw_szyszyloTests.swift in Sources */,
			);
			runOnlyForDeploymentPostprocessing = 0;
		};
		162E52702B0B591200B4C9C3 /* Sources */ = {
			isa = PBXSourcesBuildPhase;
			buildActionMask = 2147483647;
			files = (
				162E52792B0B591200B4C9C3 /* ffw_szyszyloUITests.swift in Sources */,
				162E527B2B0B591200B4C9C3 /* ffw_szyszyloUITestsLaunchTests.swift in Sources */,
			);
			runOnlyForDeploymentPostprocessing = 0;
		};
/* End PBXSourcesBuildPhase section */

/* Begin PBXTargetDependency section */
		162E526C2B0B591200B4C9C3 /* PBXTargetDependency */ = {
			isa = PBXTargetDependency;
			target = 162E52592B0B591100B4C9C3 /* ffw_szyszylo */;
			targetProxy = 162E526B2B0B591200B4C9C3 /* PBXContainerItemProxy */;
		};
		162E52762B0B591200B4C9C3 /* PBXTargetDependency */ = {
			isa = PBXTargetDependency;
			target = 162E52592B0B591100B4C9C3 /* ffw_szyszylo */;
			targetProxy = 162E52752B0B591200B4C9C3 /* PBXContainerItemProxy */;
		};
/* End PBXTargetDependency section */

/* Begin XCBuildConfiguration section */
		162E527C2B0B591200B4C9C3 /* Debug */ = {
			isa = XCBuildConfiguration;
			buildSettings = {
				ALWAYS_SEARCH_USER_PATHS = NO;
				ASSETCATALOG_COMPILER_GENERATE_SWIFT_ASSET_SYMBOL_EXTENSIONS = YES;
				CLANG_ANALYZER_NONNULL = YES;
				CLANG_ANALYZER_NUMBER_OBJECT_CONVERSION = YES_AGGRESSIVE;
				CLANG_CXX_LANGUAGE_STANDARD = "gnu++20";
				CLANG_ENABLE_MODULES = YES;
				CLANG_ENABLE_OBJC_ARC = YES;
				CLANG_ENABLE_OBJC_WEAK = YES;
				CLANG_WARN_BLOCK_CAPTURE_AUTORELEASING = YES;
				CLANG_WARN_BOOL_CONVERSION = YES;
				CLANG_WARN_COMMA = YES;
				CLANG_WARN_CONSTANT_CONVERSION = YES;
				CLANG_WARN_DEPRECATED_OBJC_IMPLEMENTATIONS = YES;
				CLANG_WARN_DIRECT_OBJC_ISA_USAGE = YES_ERROR;
				CLANG_WARN_DOCUMENTATION_COMMENTS = YES;
				CLANG_WARN_EMPTY_BODY = YES;
				CLANG_WARN_ENUM_CONVERSION = YES;
				CLANG_WARN_INFINITE_RECURSION = YES;
				CLANG_WARN_INT_CONVERSION = YES;
				CLANG_WARN_NON_LITERAL_NULL_CONVERSION = YES;
				CLANG_WARN_OBJC_IMPLICIT_RETAIN_SELF = YES;
				CLANG_WARN_OBJC_LITERAL_CONVERSION = YES;
				CLANG_WARN_OBJC_ROOT_CLASS = YES_ERROR;
				CLANG_WARN_QUOTED_INCLUDE_IN_FRAMEWORK_HEADER = YES;
				CLANG_WARN_RANGE_LOOP_ANALYSIS = YES;
				CLANG_WARN_STRICT_PROTOTYPES = YES;
				CLANG_WARN_SUSPICIOUS_MOVE = YES;
				CLANG_WARN_UNGUARDED_AVAILABILITY = YES_AGGRESSIVE;
				CLANG_WARN_UNREACHABLE_CODE = YES;
				CLANG_WARN__DUPLICATE_METHOD_MATCH = YES;
				COPY_PHASE_STRIP = NO;
				DEBUG_INFORMATION_FORMAT = dwarf;
				ENABLE_STRICT_OBJC_MSGSEND = YES;
				ENABLE_TESTABILITY = YES;
				ENABLE_USER_SCRIPT_SANDBOXING = YES;
				GCC_C_LANGUAGE_STANDARD = gnu17;
				GCC_DYNAMIC_NO_PIC = NO;
				GCC_NO_COMMON_BLOCKS = YES;
				GCC_OPTIMIZATION_LEVEL = 0;
				GCC_PREPROCESSOR_DEFINITIONS = (
					"DEBUG=1",
					"$(inherited)",
				);
				GCC_WARN_64_TO_32_BIT_CONVERSION = YES;
				GCC_WARN_ABOUT_RETURN_TYPE = YES_ERROR;
				GCC_WARN_UNDECLARED_SELECTOR = YES;
				GCC_WARN_UNINITIALIZED_AUTOS = YES_AGGRESSIVE;
				GCC_WARN_UNUSED_FUNCTION = YES;
				GCC_WARN_UNUSED_VARIABLE = YES;
				IPHONEOS_DEPLOYMENT_TARGET = 17.0;
				LOCALIZATION_PREFERS_STRING_CATALOGS = YES;
				MTL_ENABLE_DEBUG_INFO = INCLUDE_SOURCE;
				MTL_FAST_MATH = YES;
				ONLY_ACTIVE_ARCH = YES;
				SDKROOT = iphoneos;
				SWIFT_ACTIVE_COMPILATION_CONDITIONS = "DEBUG $(inherited)";
				SWIFT_OPTIMIZATION_LEVEL = "-Onone";
			};
			name = Debug;
		};
		162E527D2B0B591200B4C9C3 /* Release */ = {
			isa = XCBuildConfiguration;
			buildSettings = {
				ALWAYS_SEARCH_USER_PATHS = NO;
				ASSETCATALOG_COMPILER_GENERATE_SWIFT_ASSET_SYMBOL_EXTENSIONS = YES;
				CLANG_ANALYZER_NONNULL = YES;
				CLANG_ANALYZER_NUMBER_OBJECT_CONVERSION = YES_AGGRESSIVE;
				CLANG_CXX_LANGUAGE_STANDARD = "gnu++20";
				CLANG_ENABLE_MODULES = YES;
				CLANG_ENABLE_OBJC_ARC = YES;
				CLANG_ENABLE_OBJC_WEAK = YES;
				CLANG_WARN_BLOCK_CAPTURE_AUTORELEASING = YES;
				CLANG_WARN_BOOL_CONVERSION = YES;
				CLANG_WARN_COMMA = YES;
				CLANG_WARN_CONSTANT_CONVERSION = YES;
				CLANG_WARN_DEPRECATED_OBJC_IMPLEMENTATIONS = YES;
				CLANG_WARN_DIRECT_OBJC_ISA_USAGE = YES_ERROR;
				CLANG_WARN_DOCUMENTATION_COMMENTS = YES;
				CLANG_WARN_EMPTY_BODY = YES;
				CLANG_WARN_ENUM_CONVERSION = YES;
				CLANG_WARN_INFINITE_RECURSION = YES;
				CLANG_WARN_INT_CONVERSION = YES;
				CLANG_WARN_NON_LITERAL_NULL_CONVERSION = YES;
				CLANG_WARN_OBJC_IMPLICIT_RETAIN_SELF = YES;
				CLANG_WARN_OBJC_LITERAL_CONVERSION = YES;
				CLANG_WARN_OBJC_ROOT_CLASS = YES_ERROR;
				CLANG_WARN_QUOTED_INCLUDE_IN_FRAMEWORK_HEADER = YES;
				CLANG_WARN_RANGE_LOOP_ANALYSIS = YES;
				CLANG_WARN_STRICT_PROTOTYPES = YES;
				CLANG_WARN_SUSPICIOUS_MOVE = YES;
				CLANG_WARN_UNGUARDED_AVAILABILITY = YES_AGGRESSIVE;
				CLANG_WARN_UNREACHABLE_CODE = YES;
				CLANG_WARN__DUPLICATE_METHOD_MATCH = YES;
				COPY_PHASE_STRIP = NO;
				DEBUG_INFORMATION_FORMAT = "dwarf-with-dsym";
				ENABLE_NS_ASSERTIONS = NO;
				ENABLE_STRICT_OBJC_MSGSEND = YES;
				ENABLE_USER_SCRIPT_SANDBOXING = YES;
				GCC_C_LANGUAGE_STANDARD = gnu17;
				GCC_NO_COMMON_BLOCKS = YES;
				GCC_WARN_64_TO_32_BIT_CONVERSION = YES;
				GCC_WARN_ABOUT_RETURN_TYPE = YES_ERROR;
				GCC_WARN_UNDECLARED_SELECTOR = YES;
				GCC_WARN_UNINITIALIZED_AUTOS = YES_AGGRESSIVE;
				GCC_WARN_UNUSED_FUNCTION = YES;
				GCC_WARN_UNUSED_VARIABLE = YES;
				IPHONEOS_DEPLOYMENT_TARGET = 17.0;
				LOCALIZATION_PREFERS_STRING_CATALOGS = YES;
				MTL_ENABLE_DEBUG_INFO = NO;
				MTL_FAST_MATH = YES;
				SDKROOT = iphoneos;
				SWIFT_COMPILATION_MODE = wholemodule;
				VALIDATE_PRODUCT = YES;
			};
			name = Release;
		};
		162E527F2B0B591200B4C9C3 /* Debug */ = {
			isa = XCBuildConfiguration;
			buildSettings = {
				ASSETCATALOG_COMPILER_APPICON_NAME = AppIcon;
				ASSETCATALOG_COMPILER_GLOBAL_ACCENT_COLOR_NAME = AccentColor;
				CODE_SIGN_STYLE = Automatic;
				CURRENT_PROJECT_VERSION = 1;
				DEVELOPMENT_ASSET_PATHS = "\"ffw_szyszylo/Preview Content\"";
				DEVELOPMENT_TEAM = 96SFC4GC2K;
				ENABLE_PREVIEWS = YES;
				GENERATE_INFOPLIST_FILE = YES;
				INFOPLIST_KEY_UIApplicationSceneManifest_Generation = YES;
				INFOPLIST_KEY_UIApplicationSupportsIndirectInputEvents = YES;
				INFOPLIST_KEY_UILaunchScreen_Generation = YES;
				INFOPLIST_KEY_UISupportedInterfaceOrientations_iPad = "UIInterfaceOrientationPortrait UIInterfaceOrientationPortraitUpsideDown UIInterfaceOrientationLandscapeLeft UIInterfaceOrientationLandscapeRight";
				INFOPLIST_KEY_UISupportedInterfaceOrientations_iPhone = "UIInterfaceOrientationPortrait UIInterfaceOrientationLandscapeLeft UIInterfaceOrientationLandscapeRight";
				LD_RUNPATH_SEARCH_PATHS = (
					"$(inherited)",
					"@executable_path/Frameworks",
				);
				MARKETING_VERSION = 1.0;
				PRODUCT_BUNDLE_IDENTIFIER = "szyszylo.ffw-szyszylo";
				PRODUCT_NAME = "$(TARGET_NAME)";
				SWIFT_EMIT_LOC_STRINGS = YES;
				SWIFT_VERSION = 5.0;
				TARGETED_DEVICE_FAMILY = "1,2";
			};
			name = Debug;
		};
		162E52802B0B591200B4C9C3 /* Release */ = {
			isa = XCBuildConfiguration;
			buildSettings = {
				ASSETCATALOG_COMPILER_APPICON_NAME = AppIcon;
				ASSETCATALOG_COMPILER_GLOBAL_ACCENT_COLOR_NAME = AccentColor;
				CODE_SIGN_STYLE = Automatic;
				CURRENT_PROJECT_VERSION = 1;
				DEVELOPMENT_ASSET_PATHS = "\"ffw_szyszylo/Preview Content\"";
				DEVELOPMENT_TEAM = 96SFC4GC2K;
				ENABLE_PREVIEWS = YES;
				GENERATE_INFOPLIST_FILE = YES;
				INFOPLIST_KEY_UIApplicationSceneManifest_Generation = YES;
				INFOPLIST_KEY_UIApplicationSupportsIndirectInputEvents = YES;
				INFOPLIST_KEY_UILaunchScreen_Generation = YES;
				INFOPLIST_KEY_UISupportedInterfaceOrientations_iPad = "UIInterfaceOrientationPortrait UIInterfaceOrientationPortraitUpsideDown UIInterfaceOrientationLandscapeLeft UIInterfaceOrientationLandscapeRight";
				INFOPLIST_KEY_UISupportedInterfaceOrientations_iPhone = "UIInterfaceOrientationPortrait UIInterfaceOrientationLandscapeLeft UIInterfaceOrientationLandscapeRight";
				LD_RUNPATH_SEARCH_PATHS = (
					"$(inherited)",
					"@executable_path/Frameworks",
				);
				MARKETING_VERSION = 1.0;
				PRODUCT_BUNDLE_IDENTIFIER = "szyszylo.ffw-szyszylo";
				PRODUCT_NAME = "$(TARGET_NAME)";
				SWIFT_EMIT_LOC_STRINGS = YES;
				SWIFT_VERSION = 5.0;
				TARGETED_DEVICE_FAMILY = "1,2";
			};
			name = Release;
		};
		162E52822B0B591200B4C9C3 /* Debug */ = {
			isa = XCBuildConfiguration;
			buildSettings = {
				ALWAYS_EMBED_SWIFT_STANDARD_LIBRARIES = YES;
				BUNDLE_LOADER = "$(TEST_HOST)";
				CODE_SIGN_STYLE = Automatic;
				CURRENT_PROJECT_VERSION = 1;
				DEVELOPMENT_TEAM = 96SFC4GC2K;
				GENERATE_INFOPLIST_FILE = YES;
				IPHONEOS_DEPLOYMENT_TARGET = 17.0;
				MARKETING_VERSION = 1.0;
				PRODUCT_BUNDLE_IDENTIFIER = "szyszylo.ffw-szyszyloTests";
				PRODUCT_NAME = "$(TARGET_NAME)";
				SWIFT_EMIT_LOC_STRINGS = NO;
				SWIFT_VERSION = 5.0;
				TARGETED_DEVICE_FAMILY = "1,2";
				TEST_HOST = "$(BUILT_PRODUCTS_DIR)/ffw_szyszylo.app/$(BUNDLE_EXECUTABLE_FOLDER_PATH)/ffw_szyszylo";
			};
			name = Debug;
		};
		162E52832B0B591200B4C9C3 /* Release */ = {
			isa = XCBuildConfiguration;
			buildSettings = {
				ALWAYS_EMBED_SWIFT_STANDARD_LIBRARIES = YES;
				BUNDLE_LOADER = "$(TEST_HOST)";
				CODE_SIGN_STYLE = Automatic;
				CURRENT_PROJECT_VERSION = 1;
				DEVELOPMENT_TEAM = 96SFC4GC2K;
				GENERATE_INFOPLIST_FILE = YES;
				IPHONEOS_DEPLOYMENT_TARGET = 17.0;
				MARKETING_VERSION = 1.0;
				PRODUCT_BUNDLE_IDENTIFIER = "szyszylo.ffw-szyszyloTests";
				PRODUCT_NAME = "$(TARGET_NAME)";
				SWIFT_EMIT_LOC_STRINGS = NO;
				SWIFT_VERSION = 5.0;
				TARGETED_DEVICE_FAMILY = "1,2";
				TEST_HOST = "$(BUILT_PRODUCTS_DIR)/ffw_szyszylo.app/$(BUNDLE_EXECUTABLE_FOLDER_PATH)/ffw_szyszylo";
			};
			name = Release;
		};
		162E52852B0B591200B4C9C3 /* Debug */ = {
			isa = XCBuildConfiguration;
			buildSettings = {
				ALWAYS_EMBED_SWIFT_STANDARD_LIBRARIES = YES;
				CODE_SIGN_STYLE = Automatic;
				CURRENT_PROJECT_VERSION = 1;
				DEVELOPMENT_TEAM = 96SFC4GC2K;
				GENERATE_INFOPLIST_FILE = YES;
				MARKETING_VERSION = 1.0;
				PRODUCT_BUNDLE_IDENTIFIER = "szyszylo.ffw-szyszyloUITests";
				PRODUCT_NAME = "$(TARGET_NAME)";
				SWIFT_EMIT_LOC_STRINGS = NO;
				SWIFT_VERSION = 5.0;
				TARGETED_DEVICE_FAMILY = "1,2";
				TEST_TARGET_NAME = ffw_szyszylo;
			};
			name = Debug;
		};
		162E52862B0B591200B4C9C3 /* Release */ = {
			isa = XCBuildConfiguration;
			buildSettings = {
				ALWAYS_EMBED_SWIFT_STANDARD_LIBRARIES = YES;
				CODE_SIGN_STYLE = Automatic;
				CURRENT_PROJECT_VERSION = 1;
				DEVELOPMENT_TEAM = 96SFC4GC2K;
				GENERATE_INFOPLIST_FILE = YES;
				MARKETING_VERSION = 1.0;
				PRODUCT_BUNDLE_IDENTIFIER = "szyszylo.ffw-szyszyloUITests";
				PRODUCT_NAME = "$(TARGET_NAME)";
				SWIFT_EMIT_LOC_STRINGS = NO;
				SWIFT_VERSION = 5.0;
				TARGETED_DEVICE_FAMILY = "1,2";
				TEST_TARGET_NAME = ffw_szyszylo;
			};
			name = Release;
		};
/* End XCBuildConfiguration section */

/* Begin XCConfigurationList section */
		162E52552B0B591100B4C9C3 /* Build configuration list for PBXProject "ffw_szyszylo" */ = {
			isa = XCConfigurationList;
			buildConfigurations = (
				162E527C2B0B591200B4C9C3 /* Debug */,
				162E527D2B0B591200B4C9C3 /* Release */,
			);
			defaultConfigurationIsVisible = 0;
			defaultConfigurationName = Release;
		};
		162E527E2B0B591200B4C9C3 /* Build configuration list for PBXNativeTarget "ffw_szyszylo" */ = {
			isa = XCConfigurationList;
			buildConfigurations = (
				162E527F2B0B591200B4C9C3 /* Debug */,
				162E52802B0B591200B4C9C3 /* Release */,
			);
			defaultConfigurationIsVisible = 0;
			defaultConfigurationName = Release;
		};
		162E52812B0B591200B4C9C3 /* Build configuration list for PBXNativeTarget "ffw_szyszyloTests" */ = {
			isa = XCConfigurationList;
			buildConfigurations = (
				162E52822B0B591200B4C9C3 /* Debug */,
				162E52832B0B591200B4C9C3 /* Release */,
			);
			defaultConfigurationIsVisible = 0;
			defaultConfigurationName = Release;
		};
		162E52842B0B591200B4C9C3 /* Build configuration list for PBXNativeTarget "ffw_szyszyloUITests" */ = {
			isa = XCConfigurationList;
			buildConfigurations = (
				162E52852B0B591200B4C9C3 /* Debug */,
				162E52862B0B591200B4C9C3 /* Release */,
			);
			defaultConfigurationIsVisible = 0;
			defaultConfigurationName = Release;
		};
/* End XCConfigurationList section */
	};
	rootObject = 162E52522B0B591100B4C9C3 /* Project object */;
}
